Microsoft Visual Studio Solution File, Format Version 12.00
# Visual Studio Version 17
VisualStudioVersion = 17.5.2.0
MinimumVisualStudioVersion = 10.0.40219.1
Project("{FAE04EC0-301F-11D3-BF4B-00C04F79EFBC}") = "HospitalIS.Web", "HospitalIS.Web\HospitalIS.Web.csproj", "{DB7F6D96-7FD7-0F11-AF23-46A1A3E16378}"
EndProject
Global
	GlobalSection(SolutionConfigurationPlatforms) = preSolution
		Debug|Any CPU = Debug|Any CPU
		Release|Any CPU = Release|Any CPU
	EndGlobalSection
	GlobalSection(ProjectConfigurationPlatforms) = postSolution
		{DB7F6D96-7FD7-0F11-AF23-46A1A3E16378}.Debug|Any CPU.ActiveCfg = Debug|Any CPU
		{DB7F6D96-7FD7-0F11-AF23-46A1A3E16378}.Debug|Any CPU.Build.0 = Debug|Any CPU
		{DB7F6D96-7FD7-0F11-AF23-46A1A3E16378}.Release|Any CPU.ActiveCfg = Release|Any CPU
		{DB7F6D96-7FD7-0F11-AF23-46A1A3E16378}.Release|Any CPU.Build.0 = Release|Any CPU
	EndGlobalSection
	GlobalSection(SolutionProperties) = preSolution
		HideSolutionNode = FALSE
	EndGlobalSection
	GlobalSection(ExtensibilityGlobals) = postSolution
		SolutionGuid = {E669B0D0-5FCE-45F5-9955-CC70F115C711}
	EndGlobalSection
EndGlobal

